// !$*UTF8*$!
{
	archiveVersion = 1;
	classes = {
	};
	objectVersion = 51;
	objects = {

/* Begin PBXBuildFile section */
		083B618E2A1FCE6400018798 /* video.png in Resources */ = {isa = PBXBuildFile; fileRef = 083B618D2A1FCE6400018798 /* video.png */; };
		083B61902A1FD00400018798 /* CustomCellClass.swift in Sources */ = {isa = PBXBuildFile; fileRef = 083B618F2A1FD00400018798 /* CustomCellClass.swift */; };
		086042D129C292C900066892 /* reviewViewController.swift in Sources */ = {isa = PBXBuildFile; fileRef = 086042D029C292C900066892 /* reviewViewController.swift */; };
		087FE8EC298DDA26001B17B6 /* Gif.swift in Sources */ = {isa = PBXBuildFile; fileRef = 087FE8EB298DDA26001B17B6 /* Gif.swift */; };
		087FE8EE298DDB0D001B17B6 /* ezgif-5-9342675cf1.gif in Resources */ = {isa = PBXBuildFile; fileRef = 087FE8ED298DDB0D001B17B6 /* ezgif-5-9342675cf1.gif */; };
		087FE8F0298E15E4001B17B6 /* finalillini.gif in Resources */ = {isa = PBXBuildFile; fileRef = 087FE8EF298E15E4001B17B6 /* finalillini.gif */; };
		08CF0393297CB6030074A878 /* AppDelegate.swift in Sources */ = {isa = PBXBuildFile; fileRef = 08CF0392297CB6030074A878 /* AppDelegate.swift */; };
		08CF0395297CB6030074A878 /* SceneDelegate.swift in Sources */ = {isa = PBXBuildFile; fileRef = 08CF0394297CB6030074A878 /* SceneDelegate.swift */; };
		08CF0397297CB6030074A878 /* ViewController.swift in Sources */ = {isa = PBXBuildFile; fileRef = 08CF0396297CB6030074A878 /* ViewController.swift */; };
		08CF039A297CB6030074A878 /* Main.storyboard in Resources */ = {isa = PBXBuildFile; fileRef = 08CF0398297CB6030074A878 /* Main.storyboard */; };
		08CF039C297CB6040074A878 /* Assets.xcassets in Resources */ = {isa = PBXBuildFile; fileRef = 08CF039B297CB6040074A878 /* Assets.xcassets */; };
		08CF039F297CB6040074A878 /* LaunchScreen.storyboard in Resources */ = {isa = PBXBuildFile; fileRef = 08CF039D297CB6040074A878 /* LaunchScreen.storyboard */; };
		08CF03AA297CB6040074A878 /* WTMTests.swift in Sources */ = {isa = PBXBuildFile; fileRef = 08CF03A9297CB6040074A878 /* WTMTests.swift */; };
		08CF03B5297CB6040074A878 /* WTMUITests.swift in Sources */ = {isa = PBXBuildFile; fileRef = 08CF03B4297CB6040074A878 /* WTMUITests.swift */; };
		08CF03C3297CB7590074A878 /* AppHomeViewController.swift in Sources */ = {isa = PBXBuildFile; fileRef = 08CF03C2297CB7590074A878 /* AppHomeViewController.swift */; };
		08CF03C5297CC1D50074A878 /* GoogleService-Info.plist in Resources */ = {isa = PBXBuildFile; fileRef = 08CF03C4297CC1D50074A878 /* GoogleService-Info.plist */; };
		08CF03C7297CD7850074A878 /* LoadingPageViewController.swift in Sources */ = {isa = PBXBuildFile; fileRef = 08CF03C6297CD7850074A878 /* LoadingPageViewController.swift */; };
		08CF03C9297CEFAB0074A878 /* Party.swift in Sources */ = {isa = PBXBuildFile; fileRef = 08CF03C8297CEFAB0074A878 /* Party.swift */; };
		08CF03D9297D52770074A878 /* popUpViewController.swift in Sources */ = {isa = PBXBuildFile; fileRef = 08CF03D8297D52770074A878 /* popUpViewController.swift */; };
		105CCA0829AD4EE2003CF893 /* MyFriendsViewController.swift in Sources */ = {isa = PBXBuildFile; fileRef = 105CCA0729AD4EE2003CF893 /* MyFriendsViewController.swift */; };
		10B5001D29DE78CB004FAC97 /* PartyAcctViewController.swift in Sources */ = {isa = PBXBuildFile; fileRef = 10B5001C29DE78CB004FAC97 /* PartyAcctViewController.swift */; };
		10B5001F29FEDE01004FAC97 /* PicturesViewController.swift in Sources */ = {isa = PBXBuildFile; fileRef = 10B5001E29FEDE01004FAC97 /* PicturesViewController.swift */; };
		10B5002129FF6B16004FAC97 /* PicturesCollectionViewCell.swift in Sources */ = {isa = PBXBuildFile; fileRef = 10B5002029FF6B16004FAC97 /* PicturesCollectionViewCell.swift */; };
		10B500252A00BC76004FAC97 /* HeaderCollectionReusableView.swift in Sources */ = {isa = PBXBuildFile; fileRef = 10B500242A00BC76004FAC97 /* HeaderCollectionReusableView.swift */; };
		10C5DE5C29AC0C6B00BBA1D5 /* ProfileViewController.swift in Sources */ = {isa = PBXBuildFile; fileRef = 10C5DE5A29AC0C6B00BBA1D5 /* ProfileViewController.swift */; };
		87B3A25C22BDABC5E151EB54 /* Pods_WTM_WTMUITests.framework in Frameworks */ = {isa = PBXBuildFile; fileRef = 0F4E453FF968C60362AA98C6 /* Pods_WTM_WTMUITests.framework */; };
		C52C8394DE2F30A11A45F653 /* Pods_WTMTests.framework in Frameworks */ = {isa = PBXBuildFile; fileRef = 548F2C3461B87AFED4E0B58C /* Pods_WTMTests.framework */; };
		FE3C2AA2ABD043C2057B7DA4 /* Pods_WTM.framework in Frameworks */ = {isa = PBXBuildFile; fileRef = EB76CBAFD2F98C545E9E5097 /* Pods_WTM.framework */; };
/* End PBXBuildFile section */

/* Begin PBXContainerItemProxy section */
		08CF03A6297CB6040074A878 /* PBXContainerItemProxy */ = {
			isa = PBXContainerItemProxy;
			containerPortal = 08CF0387297CB6030074A878 /* Project object */;
			proxyType = 1;
			remoteGlobalIDString = 08CF038E297CB6030074A878;
			remoteInfo = WTM;
		};
		08CF03B1297CB6040074A878 /* PBXContainerItemProxy */ = {
			isa = PBXContainerItemProxy;
			containerPortal = 08CF0387297CB6030074A878 /* Project object */;
			proxyType = 1;
			remoteGlobalIDString = 08CF038E297CB6030074A878;
			remoteInfo = WTM;
		};
/* End PBXContainerItemProxy section */

/* Begin PBXFileReference section */
		083B618D2A1FCE6400018798 /* video.png */ = {isa = PBXFileReference; lastKnownFileType = image.png; path = video.png; sourceTree = "<group>"; };
		083B618F2A1FD00400018798 /* CustomCellClass.swift */ = {isa = PBXFileReference; lastKnownFileType = sourcecode.swift; path = CustomCellClass.swift; sourceTree = "<group>"; };
		086042D029C292C900066892 /* reviewViewController.swift */ = {isa = PBXFileReference; lastKnownFileType = sourcecode.swift; path = reviewViewController.swift; sourceTree = "<group>"; };
		087FE8EB298DDA26001B17B6 /* Gif.swift */ = {isa = PBXFileReference; lastKnownFileType = sourcecode.swift; path = Gif.swift; sourceTree = "<group>"; };
		087FE8ED298DDB0D001B17B6 /* ezgif-5-9342675cf1.gif */ = {isa = PBXFileReference; lastKnownFileType = image.gif; path = "ezgif-5-9342675cf1.gif"; sourceTree = "<group>"; };
		087FE8EF298E15E4001B17B6 /* finalillini.gif */ = {isa = PBXFileReference; lastKnownFileType = image.gif; path = finalillini.gif; sourceTree = "<group>"; };
		08CF038F297CB6030074A878 /* WTM.app */ = {isa = PBXFileReference; explicitFileType = wrapper.application; includeInIndex = 0; path = WTM.app; sourceTree = BUILT_PRODUCTS_DIR; };
		08CF0392297CB6030074A878 /* AppDelegate.swift */ = {isa = PBXFileReference; lastKnownFileType = sourcecode.swift; path = AppDelegate.swift; sourceTree = "<group>"; };
		08CF0394297CB6030074A878 /* SceneDelegate.swift */ = {isa = PBXFileReference; lastKnownFileType = sourcecode.swift; path = SceneDelegate.swift; sourceTree = "<group>"; };
		08CF0396297CB6030074A878 /* ViewController.swift */ = {isa = PBXFileReference; lastKnownFileType = sourcecode.swift; path = ViewController.swift; sourceTree = "<group>"; };
		08CF0399297CB6030074A878 /* Base */ = {isa = PBXFileReference; lastKnownFileType = file.storyboard; name = Base; path = Base.lproj/Main.storyboard; sourceTree = "<group>"; };
		08CF039B297CB6040074A878 /* Assets.xcassets */ = {isa = PBXFileReference; lastKnownFileType = folder.assetcatalog; path = Assets.xcassets; sourceTree = "<group>"; };
		08CF039E297CB6040074A878 /* Base */ = {isa = PBXFileReference; lastKnownFileType = file.storyboard; name = Base; path = Base.lproj/LaunchScreen.storyboard; sourceTree = "<group>"; };
		08CF03A0297CB6040074A878 /* Info.plist */ = {isa = PBXFileReference; lastKnownFileType = text.plist.xml; path = Info.plist; sourceTree = "<group>"; };
		08CF03A5297CB6040074A878 /* WTMTests.xctest */ = {isa = PBXFileReference; explicitFileType = wrapper.cfbundle; includeInIndex = 0; path = WTMTests.xctest; sourceTree = BUILT_PRODUCTS_DIR; };
		08CF03A9297CB6040074A878 /* WTMTests.swift */ = {isa = PBXFileReference; lastKnownFileType = sourcecode.swift; path = WTMTests.swift; sourceTree = "<group>"; };
		08CF03AB297CB6040074A878 /* Info.plist */ = {isa = PBXFileReference; lastKnownFileType = text.plist.xml; path = Info.plist; sourceTree = "<group>"; };
		08CF03B0297CB6040074A878 /* WTMUITests.xctest */ = {isa = PBXFileReference; explicitFileType = wrapper.cfbundle; includeInIndex = 0; path = WTMUITests.xctest; sourceTree = BUILT_PRODUCTS_DIR; };
		08CF03B4297CB6040074A878 /* WTMUITests.swift */ = {isa = PBXFileReference; lastKnownFileType = sourcecode.swift; path = WTMUITests.swift; sourceTree = "<group>"; };
		08CF03B6297CB6040074A878 /* Info.plist */ = {isa = PBXFileReference; lastKnownFileType = text.plist.xml; path = Info.plist; sourceTree = "<group>"; };
		08CF03C2297CB7590074A878 /* AppHomeViewController.swift */ = {isa = PBXFileReference; lastKnownFileType = sourcecode.swift; path = AppHomeViewController.swift; sourceTree = "<group>"; };
		08CF03C4297CC1D50074A878 /* GoogleService-Info.plist */ = {isa = PBXFileReference; fileEncoding = 4; lastKnownFileType = text.plist.xml; path = "GoogleService-Info.plist"; sourceTree = "<group>"; };
		08CF03C6297CD7850074A878 /* LoadingPageViewController.swift */ = {isa = PBXFileReference; lastKnownFileType = sourcecode.swift; path = LoadingPageViewController.swift; sourceTree = "<group>"; };
		08CF03C8297CEFAB0074A878 /* Party.swift */ = {isa = PBXFileReference; lastKnownFileType = sourcecode.swift; path = Party.swift; sourceTree = "<group>"; };
		08CF03D8297D52770074A878 /* popUpViewController.swift */ = {isa = PBXFileReference; lastKnownFileType = sourcecode.swift; path = popUpViewController.swift; sourceTree = "<group>"; };
		0F4E453FF968C60362AA98C6 /* Pods_WTM_WTMUITests.framework */ = {isa = PBXFileReference; explicitFileType = wrapper.framework; includeInIndex = 0; path = Pods_WTM_WTMUITests.framework; sourceTree = BUILT_PRODUCTS_DIR; };
		105CCA0729AD4EE2003CF893 /* MyFriendsViewController.swift */ = {isa = PBXFileReference; lastKnownFileType = sourcecode.swift; path = MyFriendsViewController.swift; sourceTree = "<group>"; };
		10B5001C29DE78CB004FAC97 /* PartyAcctViewController.swift */ = {isa = PBXFileReference; lastKnownFileType = sourcecode.swift; path = PartyAcctViewController.swift; sourceTree = "<group>"; };
		10B5001E29FEDE01004FAC97 /* PicturesViewController.swift */ = {isa = PBXFileReference; lastKnownFileType = sourcecode.swift; path = PicturesViewController.swift; sourceTree = "<group>"; };
		10B5002029FF6B16004FAC97 /* PicturesCollectionViewCell.swift */ = {isa = PBXFileReference; lastKnownFileType = sourcecode.swift; path = PicturesCollectionViewCell.swift; sourceTree = "<group>"; };
		10B500242A00BC76004FAC97 /* HeaderCollectionReusableView.swift */ = {isa = PBXFileReference; lastKnownFileType = sourcecode.swift; path = HeaderCollectionReusableView.swift; sourceTree = "<group>"; };
		10C5DE5A29AC0C6B00BBA1D5 /* ProfileViewController.swift */ = {isa = PBXFileReference; lastKnownFileType = sourcecode.swift; path = ProfileViewController.swift; sourceTree = "<group>"; };
		32DC09BC52837CC5C5C2E9AB /* Pods-WTM-WTMUITests.release.xcconfig */ = {isa = PBXFileReference; includeInIndex = 1; lastKnownFileType = text.xcconfig; name = "Pods-WTM-WTMUITests.release.xcconfig"; path = "Target Support Files/Pods-WTM-WTMUITests/Pods-WTM-WTMUITests.release.xcconfig"; sourceTree = "<group>"; };
		48660420D4DA0C41DB15EA58 /* Pods-WTM.release.xcconfig */ = {isa = PBXFileReference; includeInIndex = 1; lastKnownFileType = text.xcconfig; name = "Pods-WTM.release.xcconfig"; path = "Target Support Files/Pods-WTM/Pods-WTM.release.xcconfig"; sourceTree = "<group>"; };
		548F2C3461B87AFED4E0B58C /* Pods_WTMTests.framework */ = {isa = PBXFileReference; explicitFileType = wrapper.framework; includeInIndex = 0; path = Pods_WTMTests.framework; sourceTree = BUILT_PRODUCTS_DIR; };
		ABB5FD54F81C7C12C4B542F6 /* Pods-WTMTests.release.xcconfig */ = {isa = PBXFileReference; includeInIndex = 1; lastKnownFileType = text.xcconfig; name = "Pods-WTMTests.release.xcconfig"; path = "Target Support Files/Pods-WTMTests/Pods-WTMTests.release.xcconfig"; sourceTree = "<group>"; };
		DBAE5B692D580334EE3F0C4B /* Pods-WTM.debug.xcconfig */ = {isa = PBXFileReference; includeInIndex = 1; lastKnownFileType = text.xcconfig; name = "Pods-WTM.debug.xcconfig"; path = "Target Support Files/Pods-WTM/Pods-WTM.debug.xcconfig"; sourceTree = "<group>"; };
		EB76CBAFD2F98C545E9E5097 /* Pods_WTM.framework */ = {isa = PBXFileReference; explicitFileType = wrapper.framework; includeInIndex = 0; path = Pods_WTM.framework; sourceTree = BUILT_PRODUCTS_DIR; };
		F26F7EB5623DC7A2D20A66A9 /* Pods-WTMTests.debug.xcconfig */ = {isa = PBXFileReference; includeInIndex = 1; lastKnownFileType = text.xcconfig; name = "Pods-WTMTests.debug.xcconfig"; path = "Target Support Files/Pods-WTMTests/Pods-WTMTests.debug.xcconfig"; sourceTree = "<group>"; };
		FBC5672E6DD8D826665DDC20 /* Pods-WTM-WTMUITests.debug.xcconfig */ = {isa = PBXFileReference; includeInIndex = 1; lastKnownFileType = text.xcconfig; name = "Pods-WTM-WTMUITests.debug.xcconfig"; path = "Target Support Files/Pods-WTM-WTMUITests/Pods-WTM-WTMUITests.debug.xcconfig"; sourceTree = "<group>"; };
/* End PBXFileReference section */

/* Begin PBXFrameworksBuildPhase section */
		08CF038C297CB6030074A878 /* Frameworks */ = {
			isa = PBXFrameworksBuildPhase;
			buildActionMask = 2147483647;
			files = (
				FE3C2AA2ABD043C2057B7DA4 /* Pods_WTM.framework in Frameworks */,
			);
			runOnlyForDeploymentPostprocessing = 0;
		};
		08CF03A2297CB6040074A878 /* Frameworks */ = {
			isa = PBXFrameworksBuildPhase;
			buildActionMask = 2147483647;
			files = (
				C52C8394DE2F30A11A45F653 /* Pods_WTMTests.framework in Frameworks */,
			);
			runOnlyForDeploymentPostprocessing = 0;
		};
		08CF03AD297CB6040074A878 /* Frameworks */ = {
			isa = PBXFrameworksBuildPhase;
			buildActionMask = 2147483647;
			files = (
				87B3A25C22BDABC5E151EB54 /* Pods_WTM_WTMUITests.framework in Frameworks */,
			);
			runOnlyForDeploymentPostprocessing = 0;
		};
/* End PBXFrameworksBuildPhase section */

/* Begin PBXGroup section */
		08CF0386297CB6030074A878 = {
			isa = PBXGroup;
			children = (
				08CF0391297CB6030074A878 /* WTM */,
				08CF03A8297CB6040074A878 /* WTMTests */,
				08CF03B3297CB6040074A878 /* WTMUITests */,
				08CF0390297CB6030074A878 /* Products */,
				0FF5A9EE156DFEC342E41766 /* Pods */,
				C2F3D44BD2ACE906CA082C5E /* Frameworks */,
			);
			sourceTree = "<group>";
		};
		08CF0390297CB6030074A878 /* Products */ = {
			isa = PBXGroup;
			children = (
				08CF038F297CB6030074A878 /* WTM.app */,
				08CF03A5297CB6040074A878 /* WTMTests.xctest */,
				08CF03B0297CB6040074A878 /* WTMUITests.xctest */,
			);
			name = Products;
			sourceTree = "<group>";
		};
		08CF0391297CB6030074A878 /* WTM */ = {
			isa = PBXGroup;
			children = (
				08CF03C4297CC1D50074A878 /* GoogleService-Info.plist */,
				08CF0392297CB6030074A878 /* AppDelegate.swift */,
				08CF0394297CB6030074A878 /* SceneDelegate.swift */,
				10B500242A00BC76004FAC97 /* HeaderCollectionReusableView.swift */,
				08CF0396297CB6030074A878 /* ViewController.swift */,
				10B5001C29DE78CB004FAC97 /* PartyAcctViewController.swift */,
				08CF03C2297CB7590074A878 /* AppHomeViewController.swift */,
				105CCA0729AD4EE2003CF893 /* MyFriendsViewController.swift */,
				087FE8EB298DDA26001B17B6 /* Gif.swift */,
				08CF03C8297CEFAB0074A878 /* Party.swift */,
				083B618F2A1FD00400018798 /* CustomCellClass.swift */,
				08CF03C6297CD7850074A878 /* LoadingPageViewController.swift */,
				08CF03D8297D52770074A878 /* popUpViewController.swift */,
				086042D029C292C900066892 /* reviewViewController.swift */,
				10B5001E29FEDE01004FAC97 /* PicturesViewController.swift */,
				083B618D2A1FCE6400018798 /* video.png */,
				10B5002029FF6B16004FAC97 /* PicturesCollectionViewCell.swift */,
				10C5DE5A29AC0C6B00BBA1D5 /* ProfileViewController.swift */,
				08CF0398297CB6030074A878 /* Main.storyboard */,
				087FE8ED298DDB0D001B17B6 /* ezgif-5-9342675cf1.gif */,
				087FE8EF298E15E4001B17B6 /* finalillini.gif */,
				08CF039B297CB6040074A878 /* Assets.xcassets */,
				08CF039D297CB6040074A878 /* LaunchScreen.storyboard */,
				08CF03A0297CB6040074A878 /* Info.plist */,
			);
			path = WTM;
			sourceTree = "<group>";
		};
		08CF03A8297CB6040074A878 /* WTMTests */ = {
			isa = PBXGroup;
			children = (
				08CF03A9297CB6040074A878 /* WTMTests.swift */,
				08CF03AB297CB6040074A878 /* Info.plist */,
			);
			path = WTMTests;
			sourceTree = "<group>";
		};
		08CF03B3297CB6040074A878 /* WTMUITests */ = {
			isa = PBXGroup;
			children = (
				08CF03B4297CB6040074A878 /* WTMUITests.swift */,
				08CF03B6297CB6040074A878 /* Info.plist */,
			);
			path = WTMUITests;
			sourceTree = "<group>";
		};
		0FF5A9EE156DFEC342E41766 /* Pods */ = {
			isa = PBXGroup;
			children = (
				DBAE5B692D580334EE3F0C4B /* Pods-WTM.debug.xcconfig */,
				48660420D4DA0C41DB15EA58 /* Pods-WTM.release.xcconfig */,
				FBC5672E6DD8D826665DDC20 /* Pods-WTM-WTMUITests.debug.xcconfig */,
				32DC09BC52837CC5C5C2E9AB /* Pods-WTM-WTMUITests.release.xcconfig */,
				F26F7EB5623DC7A2D20A66A9 /* Pods-WTMTests.debug.xcconfig */,
				ABB5FD54F81C7C12C4B542F6 /* Pods-WTMTests.release.xcconfig */,
			);
			path = Pods;
			sourceTree = "<group>";
		};
		C2F3D44BD2ACE906CA082C5E /* Frameworks */ = {
			isa = PBXGroup;
			children = (
				EB76CBAFD2F98C545E9E5097 /* Pods_WTM.framework */,
				0F4E453FF968C60362AA98C6 /* Pods_WTM_WTMUITests.framework */,
				548F2C3461B87AFED4E0B58C /* Pods_WTMTests.framework */,
			);
			name = Frameworks;
			sourceTree = "<group>";
		};
/* End PBXGroup section */

/* Begin PBXNativeTarget section */
		08CF038E297CB6030074A878 /* WTM */ = {
			isa = PBXNativeTarget;
			buildConfigurationList = 08CF03B9297CB6040074A878 /* Build configuration list for PBXNativeTarget "WTM" */;
			buildPhases = (
				6245B178149A170F7CDB39D8 /* [CP] Check Pods Manifest.lock */,
				08CF038B297CB6030074A878 /* Sources */,
				08CF038C297CB6030074A878 /* Frameworks */,
				08CF038D297CB6030074A878 /* Resources */,
				2116F83C8ED513DA3C8D06D4 /* [CP] Embed Pods Frameworks */,
			);
			buildRules = (
			);
			dependencies = (
			);
			name = WTM;
			productName = WTM;
			productReference = 08CF038F297CB6030074A878 /* WTM.app */;
			productType = "com.apple.product-type.application";
		};
		08CF03A4297CB6040074A878 /* WTMTests */ = {
			isa = PBXNativeTarget;
			buildConfigurationList = 08CF03BC297CB6040074A878 /* Build configuration list for PBXNativeTarget "WTMTests" */;
			buildPhases = (
				2CE1906F94BE91ED212933B4 /* [CP] Check Pods Manifest.lock */,
				08CF03A1297CB6040074A878 /* Sources */,
				08CF03A2297CB6040074A878 /* Frameworks */,
				08CF03A3297CB6040074A878 /* Resources */,
			);
			buildRules = (
			);
			dependencies = (
				08CF03A7297CB6040074A878 /* PBXTargetDependency */,
			);
			name = WTMTests;
			productName = WTMTests;
			productReference = 08CF03A5297CB6040074A878 /* WTMTests.xctest */;
			productType = "com.apple.product-type.bundle.unit-test";
		};
		08CF03AF297CB6040074A878 /* WTMUITests */ = {
			isa = PBXNativeTarget;
			buildConfigurationList = 08CF03BF297CB6040074A878 /* Build configuration list for PBXNativeTarget "WTMUITests" */;
			buildPhases = (
				6DF4FEDE019617E2C2C3D2AF /* [CP] Check Pods Manifest.lock */,
				08CF03AC297CB6040074A878 /* Sources */,
				08CF03AD297CB6040074A878 /* Frameworks */,
				08CF03AE297CB6040074A878 /* Resources */,
				1E8CF6F9746D083A14274EE9 /* [CP] Embed Pods Frameworks */,
			);
			buildRules = (
			);
			dependencies = (
				08CF03B2297CB6040074A878 /* PBXTargetDependency */,
			);
			name = WTMUITests;
			productName = WTMUITests;
			productReference = 08CF03B0297CB6040074A878 /* WTMUITests.xctest */;
			productType = "com.apple.product-type.bundle.ui-testing";
		};
/* End PBXNativeTarget section */

/* Begin PBXProject section */
		08CF0387297CB6030074A878 /* Project object */ = {
			isa = PBXProject;
			attributes = {
				LastSwiftUpdateCheck = 1250;
				LastUpgradeCheck = 1250;
				TargetAttributes = {
					08CF038E297CB6030074A878 = {
						CreatedOnToolsVersion = 12.5.1;
					};
					08CF03A4297CB6040074A878 = {
						CreatedOnToolsVersion = 12.5.1;
						TestTargetID = 08CF038E297CB6030074A878;
					};
					08CF03AF297CB6040074A878 = {
						CreatedOnToolsVersion = 12.5.1;
						TestTargetID = 08CF038E297CB6030074A878;
					};
				};
			};
			buildConfigurationList = 08CF038A297CB6030074A878 /* Build configuration list for PBXProject "WTM" */;
			compatibilityVersion = "Xcode 9.3";
			developmentRegion = en;
			hasScannedForEncodings = 0;
			knownRegions = (
				en,
				Base,
			);
			mainGroup = 08CF0386297CB6030074A878;
			productRefGroup = 08CF0390297CB6030074A878 /* Products */;
			projectDirPath = "";
			projectRoot = "";
			targets = (
				08CF038E297CB6030074A878 /* WTM */,
				08CF03A4297CB6040074A878 /* WTMTests */,
				08CF03AF297CB6040074A878 /* WTMUITests */,
			);
		};
/* End PBXProject section */

/* Begin PBXResourcesBuildPhase section */
		08CF038D297CB6030074A878 /* Resources */ = {
			isa = PBXResourcesBuildPhase;
			buildActionMask = 2147483647;
			files = (
				08CF03C5297CC1D50074A878 /* GoogleService-Info.plist in Resources */,
				08CF039F297CB6040074A878 /* LaunchScreen.storyboard in Resources */,
				087FE8F0298E15E4001B17B6 /* finalillini.gif in Resources */,
				083B618E2A1FCE6400018798 /* video.png in Resources */,
				08CF039C297CB6040074A878 /* Assets.xcassets in Resources */,
				08CF039A297CB6030074A878 /* Main.storyboard in Resources */,
				087FE8EE298DDB0D001B17B6 /* ezgif-5-9342675cf1.gif in Resources */,
			);
			runOnlyForDeploymentPostprocessing = 0;
		};
		08CF03A3297CB6040074A878 /* Resources */ = {
			isa = PBXResourcesBuildPhase;
			buildActionMask = 2147483647;
			files = (
			);
			runOnlyForDeploymentPostprocessing = 0;
		};
		08CF03AE297CB6040074A878 /* Resources */ = {
			isa = PBXResourcesBuildPhase;
			buildActionMask = 2147483647;
			files = (
			);
			runOnlyForDeploymentPostprocessing = 0;
		};
/* End PBXResourcesBuildPhase section */

/* Begin PBXShellScriptBuildPhase section */
		1E8CF6F9746D083A14274EE9 /* [CP] Embed Pods Frameworks */ = {
			isa = PBXShellScriptBuildPhase;
			buildActionMask = 2147483647;
			files = (
			);
			inputFileListPaths = (
				"${PODS_ROOT}/Target Support Files/Pods-WTM-WTMUITests/Pods-WTM-WTMUITests-frameworks-${CONFIGURATION}-input-files.xcfilelist",
			);
			name = "[CP] Embed Pods Frameworks";
			outputFileListPaths = (
				"${PODS_ROOT}/Target Support Files/Pods-WTM-WTMUITests/Pods-WTM-WTMUITests-frameworks-${CONFIGURATION}-output-files.xcfilelist",
			);
			runOnlyForDeploymentPostprocessing = 0;
			shellPath = /bin/sh;
			shellScript = "\"${PODS_ROOT}/Target Support Files/Pods-WTM-WTMUITests/Pods-WTM-WTMUITests-frameworks.sh\"\n";
			showEnvVarsInLog = 0;
		};
		2116F83C8ED513DA3C8D06D4 /* [CP] Embed Pods Frameworks */ = {
			isa = PBXShellScriptBuildPhase;
			buildActionMask = 2147483647;
			files = (
			);
			inputFileListPaths = (
				"${PODS_ROOT}/Target Support Files/Pods-WTM/Pods-WTM-frameworks-${CONFIGURATION}-input-files.xcfilelist",
			);
			name = "[CP] Embed Pods Frameworks";
			outputFileListPaths = (
				"${PODS_ROOT}/Target Support Files/Pods-WTM/Pods-WTM-frameworks-${CONFIGURATION}-output-files.xcfilelist",
			);
			runOnlyForDeploymentPostprocessing = 0;
			shellPath = /bin/sh;
			shellScript = "\"${PODS_ROOT}/Target Support Files/Pods-WTM/Pods-WTM-frameworks.sh\"\n";
			showEnvVarsInLog = 0;
		};
		2CE1906F94BE91ED212933B4 /* [CP] Check Pods Manifest.lock */ = {
			isa = PBXShellScriptBuildPhase;
			buildActionMask = 2147483647;
			files = (
			);
			inputFileListPaths = (
			);
			inputPaths = (
				"${PODS_PODFILE_DIR_PATH}/Podfile.lock",
				"${PODS_ROOT}/Manifest.lock",
			);
			name = "[CP] Check Pods Manifest.lock";
			outputFileListPaths = (
			);
			outputPaths = (
				"$(DERIVED_FILE_DIR)/Pods-WTMTests-checkManifestLockResult.txt",
			);
			runOnlyForDeploymentPostprocessing = 0;
			shellPath = /bin/sh;
			shellScript = "diff \"${PODS_PODFILE_DIR_PATH}/Podfile.lock\" \"${PODS_ROOT}/Manifest.lock\" > /dev/null\nif [ $? != 0 ] ; then\n    # print error to STDERR\n    echo \"error: The sandbox is not in sync with the Podfile.lock. Run 'pod install' or update your CocoaPods installation.\" >&2\n    exit 1\nfi\n# This output is used by Xcode 'outputs' to avoid re-running this script phase.\necho \"SUCCESS\" > \"${SCRIPT_OUTPUT_FILE_0}\"\n";
			showEnvVarsInLog = 0;
		};
		6245B178149A170F7CDB39D8 /* [CP] Check Pods Manifest.lock */ = {
			isa = PBXShellScriptBuildPhase;
			buildActionMask = 2147483647;
			files = (
			);
			inputFileListPaths = (
			);
			inputPaths = (
				"${PODS_PODFILE_DIR_PATH}/Podfile.lock",
				"${PODS_ROOT}/Manifest.lock",
			);
			name = "[CP] Check Pods Manifest.lock";
			outputFileListPaths = (
			);
			outputPaths = (
				"$(DERIVED_FILE_DIR)/Pods-WTM-checkManifestLockResult.txt",
			);
			runOnlyForDeploymentPostprocessing = 0;
			shellPath = /bin/sh;
			shellScript = "diff \"${PODS_PODFILE_DIR_PATH}/Podfile.lock\" \"${PODS_ROOT}/Manifest.lock\" > /dev/null\nif [ $? != 0 ] ; then\n    # print error to STDERR\n    echo \"error: The sandbox is not in sync with the Podfile.lock. Run 'pod install' or update your CocoaPods installation.\" >&2\n    exit 1\nfi\n# This output is used by Xcode 'outputs' to avoid re-running this script phase.\necho \"SUCCESS\" > \"${SCRIPT_OUTPUT_FILE_0}\"\n";
			showEnvVarsInLog = 0;
		};
		6DF4FEDE019617E2C2C3D2AF /* [CP] Check Pods Manifest.lock */ = {
			isa = PBXShellScriptBuildPhase;
			buildActionMask = 2147483647;
			files = (
			);
			inputFileListPaths = (
			);
			inputPaths = (
				"${PODS_PODFILE_DIR_PATH}/Podfile.lock",
				"${PODS_ROOT}/Manifest.lock",
			);
			name = "[CP] Check Pods Manifest.lock";
			outputFileListPaths = (
			);
			outputPaths = (
				"$(DERIVED_FILE_DIR)/Pods-WTM-WTMUITests-checkManifestLockResult.txt",
			);
			runOnlyForDeploymentPostprocessing = 0;
			shellPath = /bin/sh;
			shellScript = "diff \"${PODS_PODFILE_DIR_PATH}/Podfile.lock\" \"${PODS_ROOT}/Manifest.lock\" > /dev/null\nif [ $? != 0 ] ; then\n    # print error to STDERR\n    echo \"error: The sandbox is not in sync with the Podfile.lock. Run 'pod install' or update your CocoaPods installation.\" >&2\n    exit 1\nfi\n# This output is used by Xcode 'outputs' to avoid re-running this script phase.\necho \"SUCCESS\" > \"${SCRIPT_OUTPUT_FILE_0}\"\n";
			showEnvVarsInLog = 0;
		};
/* End PBXShellScriptBuildPhase section */

/* Begin PBXSourcesBuildPhase section */
		08CF038B297CB6030074A878 /* Sources */ = {
			isa = PBXSourcesBuildPhase;
			buildActionMask = 2147483647;
			files = (
				105CCA0829AD4EE2003CF893 /* MyFriendsViewController.swift in Sources */,
				083B61902A1FD00400018798 /* CustomCellClass.swift in Sources */,
				08CF0397297CB6030074A878 /* ViewController.swift in Sources */,
				08CF0393297CB6030074A878 /* AppDelegate.swift in Sources */,
				087FE8EC298DDA26001B17B6 /* Gif.swift in Sources */,
				08CF03D9297D52770074A878 /* popUpViewController.swift in Sources */,
				086042D129C292C900066892 /* reviewViewController.swift in Sources */,
				10B5002129FF6B16004FAC97 /* PicturesCollectionViewCell.swift in Sources */,
				10B5001D29DE78CB004FAC97 /* PartyAcctViewController.swift in Sources */,
				08CF0395297CB6030074A878 /* SceneDelegate.swift in Sources */,
				10B5001F29FEDE01004FAC97 /* PicturesViewController.swift in Sources */,
				08CF03C7297CD7850074A878 /* LoadingPageViewController.swift in Sources */,
				10C5DE5C29AC0C6B00BBA1D5 /* ProfileViewController.swift in Sources */,
				08CF03C9297CEFAB0074A878 /* Party.swift in Sources */,
				10B500252A00BC76004FAC97 /* HeaderCollectionReusableView.swift in Sources */,
				08CF03C3297CB7590074A878 /* AppHomeViewController.swift in Sources */,
			);
			runOnlyForDeploymentPostprocessing = 0;
		};
		08CF03A1297CB6040074A878 /* Sources */ = {
			isa = PBXSourcesBuildPhase;
			buildActionMask = 2147483647;
			files = (
				08CF03AA297CB6040074A878 /* WTMTests.swift in Sources */,
			);
			runOnlyForDeploymentPostprocessing = 0;
		};
		08CF03AC297CB6040074A878 /* Sources */ = {
			isa = PBXSourcesBuildPhase;
			buildActionMask = 2147483647;
			files = (
				08CF03B5297CB6040074A878 /* WTMUITests.swift in Sources */,
			);
			runOnlyForDeploymentPostprocessing = 0;
		};
/* End PBXSourcesBuildPhase section */

/* Begin PBXTargetDependency section */
		08CF03A7297CB6040074A878 /* PBXTargetDependency */ = {
			isa = PBXTargetDependency;
			target = 08CF038E297CB6030074A878 /* WTM */;
			targetProxy = 08CF03A6297CB6040074A878 /* PBXContainerItemProxy */;
		};
		08CF03B2297CB6040074A878 /* PBXTargetDependency */ = {
			isa = PBXTargetDependency;
			target = 08CF038E297CB6030074A878 /* WTM */;
			targetProxy = 08CF03B1297CB6040074A878 /* PBXContainerItemProxy */;
		};
/* End PBXTargetDependency section */

/* Begin PBXVariantGroup section */
		08CF0398297CB6030074A878 /* Main.storyboard */ = {
			isa = PBXVariantGroup;
			children = (
				08CF0399297CB6030074A878 /* Base */,
			);
			name = Main.storyboard;
			sourceTree = "<group>";
		};
		08CF039D297CB6040074A878 /* LaunchScreen.storyboard */ = {
			isa = PBXVariantGroup;
			children = (
				08CF039E297CB6040074A878 /* Base */,
			);
			name = LaunchScreen.storyboard;
			sourceTree = "<group>";
		};
/* End PBXVariantGroup section */

/* Begin XCBuildConfiguration section */
		08CF03B7297CB6040074A878 /* Debug */ = {
			isa = XCBuildConfiguration;
			buildSettings = {
				ALWAYS_SEARCH_USER_PATHS = NO;
				CLANG_ANALYZER_NONNULL = YES;
				CLANG_ANALYZER_NUMBER_OBJECT_CONVERSION = YES_AGGRESSIVE;
				CLANG_CXX_LANGUAGE_STANDARD = "gnu++14";
				CLANG_CXX_LIBRARY = "libc++";
				CLANG_ENABLE_MODULES = YES;
				CLANG_ENABLE_OBJC_ARC = YES;
				CLANG_ENABLE_OBJC_WEAK = YES;
				CLANG_WARN_BLOCK_CAPTURE_AUTORELEASING = YES;
				CLANG_WARN_BOOL_CONVERSION = YES;
				CLANG_WARN_COMMA = YES;
				CLANG_WARN_CONSTANT_CONVERSION = YES;
				CLANG_WARN_DEPRECATED_OBJC_IMPLEMENTATIONS = YES;
				CLANG_WARN_DIRECT_OBJC_ISA_USAGE = YES_ERROR;
				CLANG_WARN_DOCUMENTATION_COMMENTS = YES;
				CLANG_WARN_EMPTY_BODY = YES;
				CLANG_WARN_ENUM_CONVERSION = YES;
				CLANG_WARN_INFINITE_RECURSION = YES;
				CLANG_WARN_INT_CONVERSION = YES;
				CLANG_WARN_NON_LITERAL_NULL_CONVERSION = YES;
				CLANG_WARN_OBJC_IMPLICIT_RETAIN_SELF = YES;
				CLANG_WARN_OBJC_LITERAL_CONVERSION = YES;
				CLANG_WARN_OBJC_ROOT_CLASS = YES_ERROR;
				CLANG_WARN_QUOTED_INCLUDE_IN_FRAMEWORK_HEADER = YES;
				CLANG_WARN_RANGE_LOOP_ANALYSIS = YES;
				CLANG_WARN_STRICT_PROTOTYPES = YES;
				CLANG_WARN_SUSPICIOUS_MOVE = YES;
				CLANG_WARN_UNGUARDED_AVAILABILITY = YES_AGGRESSIVE;
				CLANG_WARN_UNREACHABLE_CODE = YES;
				CLANG_WARN__DUPLICATE_METHOD_MATCH = YES;
				COPY_PHASE_STRIP = NO;
				DEBUG_INFORMATION_FORMAT = dwarf;
				ENABLE_STRICT_OBJC_MSGSEND = YES;
				ENABLE_TESTABILITY = YES;
				GCC_C_LANGUAGE_STANDARD = gnu11;
				GCC_DYNAMIC_NO_PIC = NO;
				GCC_NO_COMMON_BLOCKS = YES;
				GCC_OPTIMIZATION_LEVEL = 0;
				GCC_PREPROCESSOR_DEFINITIONS = (
					"DEBUG=1",
					"$(inherited)",
				);
				GCC_WARN_64_TO_32_BIT_CONVERSION = YES;
				GCC_WARN_ABOUT_RETURN_TYPE = YES_ERROR;
				GCC_WARN_UNDECLARED_SELECTOR = YES;
				GCC_WARN_UNINITIALIZED_AUTOS = YES_AGGRESSIVE;
				GCC_WARN_UNUSED_FUNCTION = YES;
				GCC_WARN_UNUSED_VARIABLE = YES;
				IPHONEOS_DEPLOYMENT_TARGET = 14.5;
				MTL_ENABLE_DEBUG_INFO = INCLUDE_SOURCE;
				MTL_FAST_MATH = YES;
				ONLY_ACTIVE_ARCH = YES;
				SDKROOT = iphoneos;
				SWIFT_ACTIVE_COMPILATION_CONDITIONS = DEBUG;
				SWIFT_OPTIMIZATION_LEVEL = "-Onone";
			};
			name = Debug;
		};
		08CF03B8297CB6040074A878 /* Release */ = {
			isa = XCBuildConfiguration;
			buildSettings = {
				ALWAYS_SEARCH_USER_PATHS = NO;
				CLANG_ANALYZER_NONNULL = YES;
				CLANG_ANALYZER_NUMBER_OBJECT_CONVERSION = YES_AGGRESSIVE;
				CLANG_CXX_LANGUAGE_STANDARD = "gnu++14";
				CLANG_CXX_LIBRARY = "libc++";
				CLANG_ENABLE_MODULES = YES;
				CLANG_ENABLE_OBJC_ARC = YES;
				CLANG_ENABLE_OBJC_WEAK = YES;
				CLANG_WARN_BLOCK_CAPTURE_AUTORELEASING = YES;
				CLANG_WARN_BOOL_CONVERSION = YES;
				CLANG_WARN_COMMA = YES;
				CLANG_WARN_CONSTANT_CONVERSION = YES;
				CLANG_WARN_DEPRECATED_OBJC_IMPLEMENTATIONS = YES;
				CLANG_WARN_DIRECT_OBJC_ISA_USAGE = YES_ERROR;
				CLANG_WARN_DOCUMENTATION_COMMENTS = YES;
				CLANG_WARN_EMPTY_BODY = YES;
				CLANG_WARN_ENUM_CONVERSION = YES;
				CLANG_WARN_INFINITE_RECURSION = YES;
				CLANG_WARN_INT_CONVERSION = YES;
				CLANG_WARN_NON_LITERAL_NULL_CONVERSION = YES;
				CLANG_WARN_OBJC_IMPLICIT_RETAIN_SELF = YES;
				CLANG_WARN_OBJC_LITERAL_CONVERSION = YES;
				CLANG_WARN_OBJC_ROOT_CLASS = YES_ERROR;
				CLANG_WARN_QUOTED_INCLUDE_IN_FRAMEWORK_HEADER = YES;
				CLANG_WARN_RANGE_LOOP_ANALYSIS = YES;
				CLANG_WARN_STRICT_PROTOTYPES = YES;
				CLANG_WARN_SUSPICIOUS_MOVE = YES;
				CLANG_WARN_UNGUARDED_AVAILABILITY = YES_AGGRESSIVE;
				CLANG_WARN_UNREACHABLE_CODE = YES;
				CLANG_WARN__DUPLICATE_METHOD_MATCH = YES;
				COPY_PHASE_STRIP = NO;
				DEBUG_INFORMATION_FORMAT = "dwarf-with-dsym";
				ENABLE_NS_ASSERTIONS = NO;
				ENABLE_STRICT_OBJC_MSGSEND = YES;
				GCC_C_LANGUAGE_STANDARD = gnu11;
				GCC_NO_COMMON_BLOCKS = YES;
				GCC_WARN_64_TO_32_BIT_CONVERSION = YES;
				GCC_WARN_ABOUT_RETURN_TYPE = YES_ERROR;
				GCC_WARN_UNDECLARED_SELECTOR = YES;
				GCC_WARN_UNINITIALIZED_AUTOS = YES_AGGRESSIVE;
				GCC_WARN_UNUSED_FUNCTION = YES;
				GCC_WARN_UNUSED_VARIABLE = YES;
				IPHONEOS_DEPLOYMENT_TARGET = 14.5;
				MTL_ENABLE_DEBUG_INFO = NO;
				MTL_FAST_MATH = YES;
				SDKROOT = iphoneos;
				SWIFT_COMPILATION_MODE = wholemodule;
				SWIFT_OPTIMIZATION_LEVEL = "-O";
				VALIDATE_PRODUCT = YES;
			};
			name = Release;
		};
		08CF03BA297CB6040074A878 /* Debug */ = {
			isa = XCBuildConfiguration;
			baseConfigurationReference = DBAE5B692D580334EE3F0C4B /* Pods-WTM.debug.xcconfig */;
			buildSettings = {
				ASSETCATALOG_COMPILER_APPICON_NAME = AppIcon;
				ASSETCATALOG_COMPILER_GLOBAL_ACCENT_COLOR_NAME = AccentColor;
				CODE_SIGN_STYLE = Automatic;
				CURRENT_PROJECT_VERSION = 022520232;
				DEVELOPMENT_TEAM = Q5KHT58ZCF;
				ENABLE_BITCODE = NO;
				INFOPLIST_FILE = WTM/Info.plist;
				INFOPLIST_KEY_CFBundleDisplayName = "What's";
				IPHONEOS_DEPLOYMENT_TARGET = 14.5;
				LD_RUNPATH_SEARCH_PATHS = (
					"$(inherited)",
					"@executable_path/Frameworks",
				);
				PRODUCT_BUNDLE_IDENTIFIER = com.whatsthemove.wtm.WTM;
				PRODUCT_NAME = "$(TARGET_NAME)";
				SWIFT_VERSION = 5.0;
				TARGETED_DEVICE_FAMILY = "1,2";
			};
			name = Debug;
		};
		08CF03BB297CB6040074A878 /* Release */ = {
			isa = XCBuildConfiguration;
			baseConfigurationReference = 48660420D4DA0C41DB15EA58 /* Pods-WTM.release.xcconfig */;
			buildSettings = {
				ASSETCATALOG_COMPILER_APPICON_NAME = AppIcon;
				ASSETCATALOG_COMPILER_GLOBAL_ACCENT_COLOR_NAME = AccentColor;
				CODE_SIGN_STYLE = Automatic;
				CURRENT_PROJECT_VERSION = 022520232;
				DEVELOPMENT_TEAM = Q5KHT58ZCF;
				ENABLE_BITCODE = NO;
				INFOPLIST_FILE = WTM/Info.plist;
				INFOPLIST_KEY_CFBundleDisplayName = "What's";
				IPHONEOS_DEPLOYMENT_TARGET = 14.5;
				LD_RUNPATH_SEARCH_PATHS = (
					"$(inherited)",
					"@executable_path/Frameworks",
				);
				PRODUCT_BUNDLE_IDENTIFIER = com.whatsthemove.wtm.WTM;
				PRODUCT_NAME = "$(TARGET_NAME)";
				SWIFT_VERSION = 5.0;
				TARGETED_DEVICE_FAMILY = "1,2";
			};
			name = Release;
		};
		08CF03BD297CB6040074A878 /* Debug */ = {
			isa = XCBuildConfiguration;
			baseConfigurationReference = F26F7EB5623DC7A2D20A66A9 /* Pods-WTMTests.debug.xcconfig */;
			buildSettings = {
				ALWAYS_EMBED_SWIFT_STANDARD_LIBRARIES = YES;
				BUNDLE_LOADER = "$(TEST_HOST)";
				CODE_SIGN_STYLE = Automatic;
				DEVELOPMENT_TEAM = Q5KHT58ZCF;
				ENABLE_BITCODE = NO;
				INFOPLIST_FILE = WTMTests/Info.plist;
				IPHONEOS_DEPLOYMENT_TARGET = 14.5;
				LD_RUNPATH_SEARCH_PATHS = (
					"$(inherited)",
					"@executable_path/Frameworks",
					"@loader_path/Frameworks",
				);
				PRODUCT_BUNDLE_IDENTIFIER = wtm.WTMTests;
				PRODUCT_NAME = "$(TARGET_NAME)";
				SWIFT_VERSION = 5.0;
				TARGETED_DEVICE_FAMILY = "1,2";
				TEST_HOST = "$(BUILT_PRODUCTS_DIR)/WTM.app/WTM";
			};
			name = Debug;
		};
		08CF03BE297CB6040074A878 /* Release */ = {
			isa = XCBuildConfiguration;
			baseConfigurationReference = ABB5FD54F81C7C12C4B542F6 /* Pods-WTMTests.release.xcconfig */;
			buildSettings = {
				ALWAYS_EMBED_SWIFT_STANDARD_LIBRARIES = YES;
				BUNDLE_LOADER = "$(TEST_HOST)";
				CODE_SIGN_STYLE = Automatic;
				DEVELOPMENT_TEAM = Q5KHT58ZCF;
				ENABLE_BITCODE = NO;
				INFOPLIST_FILE = WTMTests/Info.plist;
				IPHONEOS_DEPLOYMENT_TARGET = 14.5;
				LD_RUNPATH_SEARCH_PATHS = (
					"$(inherited)",
					"@executable_path/Frameworks",
					"@loader_path/Frameworks",
				);
				PRODUCT_BUNDLE_IDENTIFIER = wtm.WTMTests;
				PRODUCT_NAME = "$(TARGET_NAME)";
				SWIFT_VERSION = 5.0;
				TARGETED_DEVICE_FAMILY = "1,2";
				TEST_HOST = "$(BUILT_PRODUCTS_DIR)/WTM.app/WTM";
			};
			name = Release;
		};
		08CF03C0297CB6040074A878 /* Debug */ = {
			isa = XCBuildConfiguration;
			baseConfigurationReference = FBC5672E6DD8D826665DDC20 /* Pods-WTM-WTMUITests.debug.xcconfig */;
			buildSettings = {
				ALWAYS_EMBED_SWIFT_STANDARD_LIBRARIES = YES;
				CODE_SIGN_STYLE = Automatic;
				DEVELOPMENT_TEAM = Q5KHT58ZCF;
				ENABLE_BITCODE = NO;
				INFOPLIST_FILE = WTMUITests/Info.plist;
				LD_RUNPATH_SEARCH_PATHS = (
					"$(inherited)",
					"@executable_path/Frameworks",
					"@loader_path/Frameworks",
				);
				PRODUCT_BUNDLE_IDENTIFIER = wtm.WTMUITests;
				PRODUCT_NAME = "$(TARGET_NAME)";
				SWIFT_VERSION = 5.0;
				TARGETED_DEVICE_FAMILY = "1,2";
				TEST_TARGET_NAME = WTM;
			};
			name = Debug;
		};
		08CF03C1297CB6040074A878 /* Release */ = {
			isa = XCBuildConfiguration;
			baseConfigurationReference = 32DC09BC52837CC5C5C2E9AB /* Pods-WTM-WTMUITests.release.xcconfig */;
			buildSettings = {
				ALWAYS_EMBED_SWIFT_STANDARD_LIBRARIES = YES;
				CODE_SIGN_STYLE = Automatic;
				DEVELOPMENT_TEAM = Q5KHT58ZCF;
				ENABLE_BITCODE = NO;
				INFOPLIST_FILE = WTMUITests/Info.plist;
				LD_RUNPATH_SEARCH_PATHS = (
					"$(inherited)",
					"@executable_path/Frameworks",
					"@loader_path/Frameworks",
				);
				PRODUCT_BUNDLE_IDENTIFIER = wtm.WTMUITests;
				PRODUCT_NAME = "$(TARGET_NAME)";
				SWIFT_VERSION = 5.0;
				TARGETED_DEVICE_FAMILY = "1,2";
				TEST_TARGET_NAME = WTM;
			};
			name = Release;
		};
/* End XCBuildConfiguration section */

/* Begin XCConfigurationList section */
		08CF038A297CB6030074A878 /* Build configuration list for PBXProject "WTM" */ = {
			isa = XCConfigurationList;
			buildConfigurations = (
				08CF03B7297CB6040074A878 /* Debug */,
				08CF03B8297CB6040074A878 /* Release */,
			);
			defaultConfigurationIsVisible = 0;
			defaultConfigurationName = Release;
		};
		08CF03B9297CB6040074A878 /* Build configuration list for PBXNativeTarget "WTM" */ = {
			isa = XCConfigurationList;
			buildConfigurations = (
				08CF03BA297CB6040074A878 /* Debug */,
				08CF03BB297CB6040074A878 /* Release */,
			);
			defaultConfigurationIsVisible = 0;
			defaultConfigurationName = Release;
		};
		08CF03BC297CB6040074A878 /* Build configuration list for PBXNativeTarget "WTMTests" */ = {
			isa = XCConfigurationList;
			buildConfigurations = (
				08CF03BD297CB6040074A878 /* Debug */,
				08CF03BE297CB6040074A878 /* Release */,
			);
			defaultConfigurationIsVisible = 0;
			defaultConfigurationName = Release;
		};
		08CF03BF297CB6040074A878 /* Build configuration list for PBXNativeTarget "WTMUITests" */ = {
			isa = XCConfigurationList;
			buildConfigurations = (
				08CF03C0297CB6040074A878 /* Debug */,
				08CF03C1297CB6040074A878 /* Release */,
			);
			defaultConfigurationIsVisible = 0;
			defaultConfigurationName = Release;
		};
/* End XCConfigurationList section */
	};
	rootObject = 08CF0387297CB6030074A878 /* Project object */;
}
